
Microsoft Visual Studio Solution File, Format Version 12.00
# Visual Studio Version 16
VisualStudioVersion = 16.0.28729.10
MinimumVisualStudioVersion = 10.0.40219.1
Project("{FAE04EC0-301F-11D3-BF4B-00C04F79EFBC}") = "PanFase", "PanFASE\PanFase.csproj", "{86D74743-D054-4AE6-AD0E-AB8BBA4AE3DC}"
EndProject
Global
	GlobalSection(SolutionConfigurationPlatforms) = preSolution
		Debug|Any CPU = Debug|Any CPU
		Release|Any CPU = Release|Any CPU
	EndGlobalSection
	GlobalSection(ProjectConfigurationPlatforms) = postSolution
		{86D74743-D054-4AE6-AD0E-AB8BBA4AE3DC}.Debug|Any CPU.ActiveCfg = Debug|Any CPU
		{86D74743-D054-4AE6-AD0E-AB8BBA4AE3DC}.Debug|Any CPU.Build.0 = Debug|Any CPU
		{86D74743-D054-4AE6-AD0E-AB8BBA4AE3DC}.Release|Any CPU.ActiveCfg = Release|Any CPU
		{86D74743-D054-4AE6-AD0E-AB8BBA4AE3DC}.Release|Any CPU.Build.0 = Release|Any CPU
	EndGlobalSection
	GlobalSection(SolutionProperties) = preSolution
		HideSolutionNode = FALSE
	EndGlobalSection
	GlobalSection(ExtensibilityGlobals) = postSolution
		SolutionGuid = {94013513-4349-4936-8B80-A9483F15C91F}
	EndGlobalSection
EndGlobal
